
Microsoft Visual Studio Solution File, Format Version 12.00
# Visual Studio Version 17
VisualStudioVersion = 17.10.35122.118
MinimumVisualStudioVersion = 10.0.40219.1
Project("{2150E333-8FDC-42A3-9474-1A3956D46DE8}") = "src", "src", "{0C44CCE0-BC83-4F22-A283-0EA9B695491F}"
EndProject
Project("{9A19103F-16F7-4668-BE54-9A1E7A4F7556}") = "ShortLink.Api", "src\ShortLink.Api\ShortLink.Api.csproj", "{FD70DE6B-A344-4D27-A831-55EAAB4CE55C}"
EndProject
Project("{9A19103F-16F7-4668-BE54-9A1E7A4F7556}") = "ShortLink.Shared", "src\ShortLink.Shared\ShortLink.Shared.csproj", "{011ACA11-3A07-43BF-80DE-6A6C5C34FE31}"
EndProject
Global
	GlobalSection(SolutionConfigurationPlatforms) = preSolution
		Debug|Any CPU = Debug|Any CPU
		Release|Any CPU = Release|Any CPU
	EndGlobalSection
	GlobalSection(ProjectConfigurationPlatforms) = postSolution
		{FD70DE6B-A344-4D27-A831-55EAAB4CE55C}.Debug|Any CPU.ActiveCfg = Debug|Any CPU
		{FD70DE6B-A344-4D27-A831-55EAAB4CE55C}.Debug|Any CPU.Build.0 = Debug|Any CPU
		{FD70DE6B-A344-4D27-A831-55EAAB4CE55C}.Release|Any CPU.ActiveCfg = Release|Any CPU
		{FD70DE6B-A344-4D27-A831-55EAAB4CE55C}.Release|Any CPU.Build.0 = Release|Any CPU
		{011ACA11-3A07-43BF-80DE-6A6C5C34FE31}.Debug|Any CPU.ActiveCfg = Debug|Any CPU
		{011ACA11-3A07-43BF-80DE-6A6C5C34FE31}.Debug|Any CPU.Build.0 = Debug|Any CPU
		{011ACA11-3A07-43BF-80DE-6A6C5C34FE31}.Release|Any CPU.ActiveCfg = Release|Any CPU
		{011ACA11-3A07-43BF-80DE-6A6C5C34FE31}.Release|Any CPU.Build.0 = Release|Any CPU
	EndGlobalSection
	GlobalSection(SolutionProperties) = preSolution
		HideSolutionNode = FALSE
	EndGlobalSection
	GlobalSection(NestedProjects) = preSolution
		{FD70DE6B-A344-4D27-A831-55EAAB4CE55C} = {0C44CCE0-BC83-4F22-A283-0EA9B695491F}
		{011ACA11-3A07-43BF-80DE-6A6C5C34FE31} = {0C44CCE0-BC83-4F22-A283-0EA9B695491F}
	EndGlobalSection
	GlobalSection(ExtensibilityGlobals) = postSolution
		SolutionGuid = {210DE1B3-C78B-479A-8464-0DB8919DDA25}
	EndGlobalSection
EndGlobal
